// !$*UTF8*$!
{
	archiveVersion = 1;
	classes = {
	};
	objectVersion = 50;
	objects = {

/* Begin PBXBuildFile section */
		32428E4D21BE522F005617F4 /* AppDelegate.m in Sources */ = {isa = PBXBuildFile; fileRef = 32428E4C21BE522F005617F4 /* AppDelegate.m */; };
		32428E5521BE5231005617F4 /* Assets.xcassets in Resources */ = {isa = PBXBuildFile; fileRef = 32428E5421BE5231005617F4 /* Assets.xcassets */; };
		32428E5821BE5231005617F4 /* LaunchScreen.storyboard in Resources */ = {isa = PBXBuildFile; fileRef = 32428E5621BE5231005617F4 /* LaunchScreen.storyboard */; };
		32428E5B21BE5231005617F4 /* main.m in Sources */ = {isa = PBXBuildFile; fileRef = 32428E5A21BE5231005617F4 /* main.m */; };
		32428E6521BE5231005617F4 /* WGChatTests.m in Sources */ = {isa = PBXBuildFile; fileRef = 32428E6421BE5231005617F4 /* WGChatTests.m */; };
		32428E7021BE5231005617F4 /* WGChatUITests.m in Sources */ = {isa = PBXBuildFile; fileRef = 32428E6F21BE5231005617F4 /* WGChatUITests.m */; };
		32428E7F21BE529E005617F4 /* HuChatListViewController.m in Sources */ = {isa = PBXBuildFile; fileRef = 32428E7E21BE529E005617F4 /* HuChatListViewController.m */; };
		32428E8221BE535B005617F4 /* HuSingleChatViewController.m in Sources */ = {isa = PBXBuildFile; fileRef = 32428E8121BE535B005617F4 /* HuSingleChatViewController.m */; };
		32428E8621BF516F005617F4 /* HuKeyBoardGroundView.m in Sources */ = {isa = PBXBuildFile; fileRef = 32428E8521BF516F005617F4 /* HuKeyBoardGroundView.m */; };
		32428E8921BF58FA005617F4 /* HuKeyBoardStatus.m in Sources */ = {isa = PBXBuildFile; fileRef = 32428E8821BF58FA005617F4 /* HuKeyBoardStatus.m */; };
		32428E8E21BF6385005617F4 /* HuDeviceDefault.m in Sources */ = {isa = PBXBuildFile; fileRef = 32428E8D21BF6385005617F4 /* HuDeviceDefault.m */; };
		32428E9121BF66C1005617F4 /* UIView+SSAdd.m in Sources */ = {isa = PBXBuildFile; fileRef = 32428E8F21BF66C0005617F4 /* UIView+SSAdd.m */; };
		32428E9421BF8C94005617F4 /* UUProgressHUD.m in Sources */ = {isa = PBXBuildFile; fileRef = 32428E9321BF8C94005617F4 /* UUProgressHUD.m */; };
		32428E9B21BFB8EE005617F4 /* HuChatMessageModel.m in Sources */ = {isa = PBXBuildFile; fileRef = 32428E9A21BFB8EE005617F4 /* HuChatMessageModel.m */; };
		32428E9E21BFBABF005617F4 /* HuChatMessageConfig.m in Sources */ = {isa = PBXBuildFile; fileRef = 32428E9D21BFBABF005617F4 /* HuChatMessageConfig.m */; };
		32428EA521BFBF12005617F4 /* NSObject+SSAdd.m in Sources */ = {isa = PBXBuildFile; fileRef = 32428EA121BFBF12005617F4 /* NSObject+SSAdd.m */; };
		32428EA621BFBF12005617F4 /* UIImage+SSAdd.m in Sources */ = {isa = PBXBuildFile; fileRef = 32428EA221BFBF12005617F4 /* UIImage+SSAdd.m */; };
		32428EA721BFBF12005617F4 /* NSTimer+SSAdd.m in Sources */ = {isa = PBXBuildFile; fileRef = 32428EA421BFBF12005617F4 /* NSTimer+SSAdd.m */; };
		32428EAA21C1F0B1005617F4 /* HuChatMessageLayout.m in Sources */ = {isa = PBXBuildFile; fileRef = 32428EA921C1F0B1005617F4 /* HuChatMessageLayout.m */; };
		32428EAD21C1F81D005617F4 /* HuBaseChatTableViewCell.m in Sources */ = {isa = PBXBuildFile; fileRef = 32428EAC21C1F81D005617F4 /* HuBaseChatTableViewCell.m */; };
		32428EB321C1FA1C005617F4 /* HuTextChatTableViewCell.m in Sources */ = {isa = PBXBuildFile; fileRef = 32428EB221C1FA1C005617F4 /* HuTextChatTableViewCell.m */; };
		32428EB621C1FB2D005617F4 /* HuImageChatTableViewCell.m in Sources */ = {isa = PBXBuildFile; fileRef = 32428EB521C1FB2D005617F4 /* HuImageChatTableViewCell.m */; };
		32428EB921C1FC23005617F4 /* HuVedioChatTableViewCell.m in Sources */ = {isa = PBXBuildFile; fileRef = 32428EB821C1FC23005617F4 /* HuVedioChatTableViewCell.m */; };
		32428EBC21C1FC61005617F4 /* HuVoiceChatTableViewCell.m in Sources */ = {isa = PBXBuildFile; fileRef = 32428EBB21C1FC61005617F4 /* HuVoiceChatTableViewCell.m */; };
		32428EC221C1FD72005617F4 /* UUAVAudioPlayer.m in Sources */ = {isa = PBXBuildFile; fileRef = 32428EC121C1FD72005617F4 /* UUAVAudioPlayer.m */; };
		32428EC521C1FFC0005617F4 /* HuDealChatMessageHelp.m in Sources */ = {isa = PBXBuildFile; fileRef = 32428EC421C1FFC0005617F4 /* HuDealChatMessageHelp.m */; };
		32428EC821C24361005617F4 /* HuAddPhotoHelp.m in Sources */ = {isa = PBXBuildFile; fileRef = 32428EC721C24361005617F4 /* HuAddPhotoHelp.m */; };
/* End PBXBuildFile section */

/* Begin PBXContainerItemProxy section */
		32428E6121BE5231005617F4 /* PBXContainerItemProxy */ = {
			isa = PBXContainerItemProxy;
			containerPortal = 32428E4021BE522F005617F4 /* Project object */;
			proxyType = 1;
			remoteGlobalIDString = 32428E4721BE522F005617F4;
			remoteInfo = WGChat;
		};
		32428E6C21BE5231005617F4 /* PBXContainerItemProxy */ = {
			isa = PBXContainerItemProxy;
			containerPortal = 32428E4021BE522F005617F4 /* Project object */;
			proxyType = 1;
			remoteGlobalIDString = 32428E4721BE522F005617F4;
			remoteInfo = WGChat;
		};
/* End PBXContainerItemProxy section */

/* Begin PBXFileReference section */
		32428E4821BE522F005617F4 /* WGChat.app */ = {isa = PBXFileReference; explicitFileType = wrapper.application; includeInIndex = 0; path = WGChat.app; sourceTree = BUILT_PRODUCTS_DIR; };
		32428E4B21BE522F005617F4 /* AppDelegate.h */ = {isa = PBXFileReference; lastKnownFileType = sourcecode.c.h; path = AppDelegate.h; sourceTree = "<group>"; };
		32428E4C21BE522F005617F4 /* AppDelegate.m */ = {isa = PBXFileReference; lastKnownFileType = sourcecode.c.objc; path = AppDelegate.m; sourceTree = "<group>"; };
		32428E5421BE5231005617F4 /* Assets.xcassets */ = {isa = PBXFileReference; lastKnownFileType = folder.assetcatalog; path = Assets.xcassets; sourceTree = "<group>"; };
		32428E5721BE5231005617F4 /* Base */ = {isa = PBXFileReference; lastKnownFileType = file.storyboard; name = Base; path = Base.lproj/LaunchScreen.storyboard; sourceTree = "<group>"; };
		32428E5921BE5231005617F4 /* Info.plist */ = {isa = PBXFileReference; lastKnownFileType = text.plist.xml; path = Info.plist; sourceTree = "<group>"; };
		32428E5A21BE5231005617F4 /* main.m */ = {isa = PBXFileReference; lastKnownFileType = sourcecode.c.objc; path = main.m; sourceTree = "<group>"; };
		32428E6021BE5231005617F4 /* WGChatTests.xctest */ = {isa = PBXFileReference; explicitFileType = wrapper.cfbundle; includeInIndex = 0; path = WGChatTests.xctest; sourceTree = BUILT_PRODUCTS_DIR; };
		32428E6421BE5231005617F4 /* WGChatTests.m */ = {isa = PBXFileReference; lastKnownFileType = sourcecode.c.objc; path = WGChatTests.m; sourceTree = "<group>"; };
		32428E6621BE5231005617F4 /* Info.plist */ = {isa = PBXFileReference; lastKnownFileType = text.plist.xml; path = Info.plist; sourceTree = "<group>"; };
		32428E6B21BE5231005617F4 /* WGChatUITests.xctest */ = {isa = PBXFileReference; explicitFileType = wrapper.cfbundle; includeInIndex = 0; path = WGChatUITests.xctest; sourceTree = BUILT_PRODUCTS_DIR; };
		32428E6F21BE5231005617F4 /* WGChatUITests.m */ = {isa = PBXFileReference; lastKnownFileType = sourcecode.c.objc; path = WGChatUITests.m; sourceTree = "<group>"; };
		32428E7121BE5231005617F4 /* Info.plist */ = {isa = PBXFileReference; lastKnownFileType = text.plist.xml; path = Info.plist; sourceTree = "<group>"; };
		32428E7D21BE529E005617F4 /* HuChatListViewController.h */ = {isa = PBXFileReference; lastKnownFileType = sourcecode.c.h; path = HuChatListViewController.h; sourceTree = "<group>"; };
		32428E7E21BE529E005617F4 /* HuChatListViewController.m */ = {isa = PBXFileReference; lastKnownFileType = sourcecode.c.objc; path = HuChatListViewController.m; sourceTree = "<group>"; };
		32428E8021BE535B005617F4 /* HuSingleChatViewController.h */ = {isa = PBXFileReference; lastKnownFileType = sourcecode.c.h; path = HuSingleChatViewController.h; sourceTree = "<group>"; };
		32428E8121BE535B005617F4 /* HuSingleChatViewController.m */ = {isa = PBXFileReference; lastKnownFileType = sourcecode.c.objc; path = HuSingleChatViewController.m; sourceTree = "<group>"; };
		32428E8421BF516F005617F4 /* HuKeyBoardGroundView.h */ = {isa = PBXFileReference; lastKnownFileType = sourcecode.c.h; path = HuKeyBoardGroundView.h; sourceTree = "<group>"; };
		32428E8521BF516F005617F4 /* HuKeyBoardGroundView.m */ = {isa = PBXFileReference; lastKnownFileType = sourcecode.c.objc; path = HuKeyBoardGroundView.m; sourceTree = "<group>"; };
		32428E8721BF58FA005617F4 /* HuKeyBoardStatus.h */ = {isa = PBXFileReference; lastKnownFileType = sourcecode.c.h; path = HuKeyBoardStatus.h; sourceTree = "<group>"; };
		32428E8821BF58FA005617F4 /* HuKeyBoardStatus.m */ = {isa = PBXFileReference; lastKnownFileType = sourcecode.c.objc; path = HuKeyBoardStatus.m; sourceTree = "<group>"; };
		32428E8A21BF61BD005617F4 /* HuChatGlobleDefine.h */ = {isa = PBXFileReference; lastKnownFileType = sourcecode.c.h; path = HuChatGlobleDefine.h; sourceTree = "<group>"; };
		32428E8C21BF6385005617F4 /* HuDeviceDefault.h */ = {isa = PBXFileReference; lastKnownFileType = sourcecode.c.h; path = HuDeviceDefault.h; sourceTree = "<group>"; };
		32428E8D21BF6385005617F4 /* HuDeviceDefault.m */ = {isa = PBXFileReference; lastKnownFileType = sourcecode.c.objc; path = HuDeviceDefault.m; sourceTree = "<group>"; };
		32428E8F21BF66C0005617F4 /* UIView+SSAdd.m */ = {isa = PBXFileReference; fileEncoding = 4; lastKnownFileType = sourcecode.c.objc; path = "UIView+SSAdd.m"; sourceTree = "<group>"; };
		32428E9021BF66C1005617F4 /* UIView+SSAdd.h */ = {isa = PBXFileReference; fileEncoding = 4; lastKnownFileType = sourcecode.c.h; path = "UIView+SSAdd.h"; sourceTree = "<group>"; };
		32428E9221BF8C93005617F4 /* UUProgressHUD.h */ = {isa = PBXFileReference; fileEncoding = 4; lastKnownFileType = sourcecode.c.h; path = UUProgressHUD.h; sourceTree = "<group>"; };
		32428E9321BF8C94005617F4 /* UUProgressHUD.m */ = {isa = PBXFileReference; fileEncoding = 4; lastKnownFileType = sourcecode.c.objc; path = UUProgressHUD.m; sourceTree = "<group>"; };
		32428E9921BFB8EE005617F4 /* HuChatMessageModel.h */ = {isa = PBXFileReference; lastKnownFileType = sourcecode.c.h; path = HuChatMessageModel.h; sourceTree = "<group>"; };
		32428E9A21BFB8EE005617F4 /* HuChatMessageModel.m */ = {isa = PBXFileReference; lastKnownFileType = sourcecode.c.objc; path = HuChatMessageModel.m; sourceTree = "<group>"; };
		32428E9C21BFBABF005617F4 /* HuChatMessageConfig.h */ = {isa = PBXFileReference; lastKnownFileType = sourcecode.c.h; path = HuChatMessageConfig.h; sourceTree = "<group>"; };
		32428E9D21BFBABF005617F4 /* HuChatMessageConfig.m */ = {isa = PBXFileReference; lastKnownFileType = sourcecode.c.objc; path = HuChatMessageConfig.m; sourceTree = "<group>"; };
		32428E9F21BFBF11005617F4 /* UIImage+SSAdd.h */ = {isa = PBXFileReference; fileEncoding = 4; lastKnownFileType = sourcecode.c.h; path = "UIImage+SSAdd.h"; sourceTree = "<group>"; };
		32428EA021BFBF12005617F4 /* NSTimer+SSAdd.h */ = {isa = PBXFileReference; fileEncoding = 4; lastKnownFileType = sourcecode.c.h; path = "NSTimer+SSAdd.h"; sourceTree = "<group>"; };
		32428EA121BFBF12005617F4 /* NSObject+SSAdd.m */ = {isa = PBXFileReference; fileEncoding = 4; lastKnownFileType = sourcecode.c.objc; path = "NSObject+SSAdd.m"; sourceTree = "<group>"; };
		32428EA221BFBF12005617F4 /* UIImage+SSAdd.m */ = {isa = PBXFileReference; fileEncoding = 4; lastKnownFileType = sourcecode.c.objc; path = "UIImage+SSAdd.m"; sourceTree = "<group>"; };
		32428EA321BFBF12005617F4 /* NSObject+SSAdd.h */ = {isa = PBXFileReference; fileEncoding = 4; lastKnownFileType = sourcecode.c.h; path = "NSObject+SSAdd.h"; sourceTree = "<group>"; };
		32428EA421BFBF12005617F4 /* NSTimer+SSAdd.m */ = {isa = PBXFileReference; fileEncoding = 4; lastKnownFileType = sourcecode.c.objc; path = "NSTimer+SSAdd.m"; sourceTree = "<group>"; };
		32428EA821C1F0B1005617F4 /* HuChatMessageLayout.h */ = {isa = PBXFileReference; lastKnownFileType = sourcecode.c.h; path = HuChatMessageLayout.h; sourceTree = "<group>"; };
		32428EA921C1F0B1005617F4 /* HuChatMessageLayout.m */ = {isa = PBXFileReference; lastKnownFileType = sourcecode.c.objc; path = HuChatMessageLayout.m; sourceTree = "<group>"; };
		32428EAB21C1F81D005617F4 /* HuBaseChatTableViewCell.h */ = {isa = PBXFileReference; lastKnownFileType = sourcecode.c.h; path = HuBaseChatTableViewCell.h; sourceTree = "<group>"; };
		32428EAC21C1F81D005617F4 /* HuBaseChatTableViewCell.m */ = {isa = PBXFileReference; lastKnownFileType = sourcecode.c.objc; path = HuBaseChatTableViewCell.m; sourceTree = "<group>"; };
		32428EB121C1FA1C005617F4 /* HuTextChatTableViewCell.h */ = {isa = PBXFileReference; lastKnownFileType = sourcecode.c.h; path = HuTextChatTableViewCell.h; sourceTree = "<group>"; };
		32428EB221C1FA1C005617F4 /* HuTextChatTableViewCell.m */ = {isa = PBXFileReference; lastKnownFileType = sourcecode.c.objc; path = HuTextChatTableViewCell.m; sourceTree = "<group>"; };
		32428EB421C1FB2D005617F4 /* HuImageChatTableViewCell.h */ = {isa = PBXFileReference; lastKnownFileType = sourcecode.c.h; path = HuImageChatTableViewCell.h; sourceTree = "<group>"; };
		32428EB521C1FB2D005617F4 /* HuImageChatTableViewCell.m */ = {isa = PBXFileReference; lastKnownFileType = sourcecode.c.objc; path = HuImageChatTableViewCell.m; sourceTree = "<group>"; };
		32428EB721C1FC23005617F4 /* HuVedioChatTableViewCell.h */ = {isa = PBXFileReference; lastKnownFileType = sourcecode.c.h; path = HuVedioChatTableViewCell.h; sourceTree = "<group>"; };
		32428EB821C1FC23005617F4 /* HuVedioChatTableViewCell.m */ = {isa = PBXFileReference; lastKnownFileType = sourcecode.c.objc; path = HuVedioChatTableViewCell.m; sourceTree = "<group>"; };
		32428EBA21C1FC61005617F4 /* HuVoiceChatTableViewCell.h */ = {isa = PBXFileReference; lastKnownFileType = sourcecode.c.h; path = HuVoiceChatTableViewCell.h; sourceTree = "<group>"; };
		32428EBB21C1FC61005617F4 /* HuVoiceChatTableViewCell.m */ = {isa = PBXFileReference; lastKnownFileType = sourcecode.c.objc; path = HuVoiceChatTableViewCell.m; sourceTree = "<group>"; };
		32428EC021C1FD71005617F4 /* UUAVAudioPlayer.h */ = {isa = PBXFileReference; fileEncoding = 4; lastKnownFileType = sourcecode.c.h; path = UUAVAudioPlayer.h; sourceTree = "<group>"; };
		32428EC121C1FD72005617F4 /* UUAVAudioPlayer.m */ = {isa = PBXFileReference; fileEncoding = 4; lastKnownFileType = sourcecode.c.objc; path = UUAVAudioPlayer.m; sourceTree = "<group>"; };
		32428EC321C1FFC0005617F4 /* HuDealChatMessageHelp.h */ = {isa = PBXFileReference; lastKnownFileType = sourcecode.c.h; path = HuDealChatMessageHelp.h; sourceTree = "<group>"; };
		32428EC421C1FFC0005617F4 /* HuDealChatMessageHelp.m */ = {isa = PBXFileReference; lastKnownFileType = sourcecode.c.objc; path = HuDealChatMessageHelp.m; sourceTree = "<group>"; };
		32428EC621C24361005617F4 /* HuAddPhotoHelp.h */ = {isa = PBXFileReference; lastKnownFileType = sourcecode.c.h; path = HuAddPhotoHelp.h; sourceTree = "<group>"; };
		32428EC721C24361005617F4 /* HuAddPhotoHelp.m */ = {isa = PBXFileReference; lastKnownFileType = sourcecode.c.objc; path = HuAddPhotoHelp.m; sourceTree = "<group>"; };
/* End PBXFileReference section */

/* Begin PBXFrameworksBuildPhase section */
		32428E4521BE522F005617F4 /* Frameworks */ = {
			isa = PBXFrameworksBuildPhase;
			buildActionMask = 2147483647;
			files = (
			);
			runOnlyForDeploymentPostprocessing = 0;
		};
		32428E5D21BE5231005617F4 /* Frameworks */ = {
			isa = PBXFrameworksBuildPhase;
			buildActionMask = 2147483647;
			files = (
			);
			runOnlyForDeploymentPostprocessing = 0;
		};
		32428E6821BE5231005617F4 /* Frameworks */ = {
			isa = PBXFrameworksBuildPhase;
			buildActionMask = 2147483647;
			files = (
			);
			runOnlyForDeploymentPostprocessing = 0;
		};
/* End PBXFrameworksBuildPhase section */

/* Begin PBXGroup section */
		32428E3F21BE522F005617F4 = {
			isa = PBXGroup;
			children = (
				32428E4A21BE522F005617F4 /* WGChat */,
				32428E6321BE5231005617F4 /* WGChatTests */,
				32428E6E21BE5231005617F4 /* WGChatUITests */,
				32428E4921BE522F005617F4 /* Products */,
			);
			sourceTree = "<group>";
		};
		32428E4921BE522F005617F4 /* Products */ = {
			isa = PBXGroup;
			children = (
				32428E4821BE522F005617F4 /* WGChat.app */,
				32428E6021BE5231005617F4 /* WGChatTests.xctest */,
				32428E6B21BE5231005617F4 /* WGChatUITests.xctest */,
			);
			name = Products;
			sourceTree = "<group>";
		};
		32428E4A21BE522F005617F4 /* WGChat */ = {
			isa = PBXGroup;
			children = (
				32428E9521BFB78C005617F4 /* HuChat */,
				32428E8B21BF62F1005617F4 /* HuChatCommonFiles */,
				32428E8321BF4F3A005617F4 /* HuKeyBoard */,
				32428E4B21BE522F005617F4 /* AppDelegate.h */,
				32428E4C21BE522F005617F4 /* AppDelegate.m */,
				32428E5421BE5231005617F4 /* Assets.xcassets */,
				32428E5621BE5231005617F4 /* LaunchScreen.storyboard */,
				32428E5921BE5231005617F4 /* Info.plist */,
				32428E5A21BE5231005617F4 /* main.m */,
			);
			path = WGChat;
			sourceTree = "<group>";
		};
		32428E6321BE5231005617F4 /* WGChatTests */ = {
			isa = PBXGroup;
			children = (
				32428E6421BE5231005617F4 /* WGChatTests.m */,
				32428E6621BE5231005617F4 /* Info.plist */,
			);
			path = WGChatTests;
			sourceTree = "<group>";
		};
		32428E6E21BE5231005617F4 /* WGChatUITests */ = {
			isa = PBXGroup;
			children = (
				32428E6F21BE5231005617F4 /* WGChatUITests.m */,
				32428E7121BE5231005617F4 /* Info.plist */,
			);
			path = WGChatUITests;
			sourceTree = "<group>";
		};
		32428E8321BF4F3A005617F4 /* HuKeyBoard */ = {
			isa = PBXGroup;
			children = (
				32428E8421BF516F005617F4 /* HuKeyBoardGroundView.h */,
				32428E8521BF516F005617F4 /* HuKeyBoardGroundView.m */,
				32428E8721BF58FA005617F4 /* HuKeyBoardStatus.h */,
				32428E8821BF58FA005617F4 /* HuKeyBoardStatus.m */,
			);
			path = HuKeyBoard;
			sourceTree = "<group>";
		};
		32428E8B21BF62F1005617F4 /* HuChatCommonFiles */ = {
			isa = PBXGroup;
			children = (
				32428EC021C1FD71005617F4 /* UUAVAudioPlayer.h */,
				32428EC121C1FD72005617F4 /* UUAVAudioPlayer.m */,
				32428EA321BFBF12005617F4 /* NSObject+SSAdd.h */,
				32428EA121BFBF12005617F4 /* NSObject+SSAdd.m */,
				32428EA021BFBF12005617F4 /* NSTimer+SSAdd.h */,
				32428EA421BFBF12005617F4 /* NSTimer+SSAdd.m */,
				32428E9F21BFBF11005617F4 /* UIImage+SSAdd.h */,
				32428EA221BFBF12005617F4 /* UIImage+SSAdd.m */,
				32428E9021BF66C1005617F4 /* UIView+SSAdd.h */,
				32428E8F21BF66C0005617F4 /* UIView+SSAdd.m */,
				32428E8A21BF61BD005617F4 /* HuChatGlobleDefine.h */,
				32428E8C21BF6385005617F4 /* HuDeviceDefault.h */,
				32428E8D21BF6385005617F4 /* HuDeviceDefault.m */,
				32428E9221BF8C93005617F4 /* UUProgressHUD.h */,
				32428E9321BF8C94005617F4 /* UUProgressHUD.m */,
				32428EC621C24361005617F4 /* HuAddPhotoHelp.h */,
				32428EC721C24361005617F4 /* HuAddPhotoHelp.m */,
			);
			path = HuChatCommonFiles;
			sourceTree = "<group>";
		};
		32428E9521BFB78C005617F4 /* HuChat */ = {
			isa = PBXGroup;
			children = (
				32428E9821BFB7BF005617F4 /* HuChatViewControllers */,
				32428E9721BFB7B1005617F4 /* HuChatViews */,
				32428E9621BFB79E005617F4 /* HuChatmodels */,
			);
			path = HuChat;
			sourceTree = "<group>";
		};
		32428E9621BFB79E005617F4 /* HuChatmodels */ = {
			isa = PBXGroup;
			children = (
				32428E9921BFB8EE005617F4 /* HuChatMessageModel.h */,
				32428E9A21BFB8EE005617F4 /* HuChatMessageModel.m */,
				32428E9C21BFBABF005617F4 /* HuChatMessageConfig.h */,
				32428E9D21BFBABF005617F4 /* HuChatMessageConfig.m */,
				32428EA821C1F0B1005617F4 /* HuChatMessageLayout.h */,
				32428EA921C1F0B1005617F4 /* HuChatMessageLayout.m */,
				32428EC321C1FFC0005617F4 /* HuDealChatMessageHelp.h */,
				32428EC421C1FFC0005617F4 /* HuDealChatMessageHelp.m */,
			);
			path = HuChatmodels;
			sourceTree = "<group>";
		};
		32428E9721BFB7B1005617F4 /* HuChatViews */ = {
			isa = PBXGroup;
			children = (
				32428EAB21C1F81D005617F4 /* HuBaseChatTableViewCell.h */,
				32428EAC21C1F81D005617F4 /* HuBaseChatTableViewCell.m */,
				32428EB121C1FA1C005617F4 /* HuTextChatTableViewCell.h */,
				32428EB221C1FA1C005617F4 /* HuTextChatTableViewCell.m */,
				32428EB421C1FB2D005617F4 /* HuImageChatTableViewCell.h */,
				32428EB521C1FB2D005617F4 /* HuImageChatTableViewCell.m */,
				32428EB721C1FC23005617F4 /* HuVedioChatTableViewCell.h */,
				32428EB821C1FC23005617F4 /* HuVedioChatTableViewCell.m */,
				32428EBA21C1FC61005617F4 /* HuVoiceChatTableViewCell.h */,
				32428EBB21C1FC61005617F4 /* HuVoiceChatTableViewCell.m */,
			);
			path = HuChatViews;
			sourceTree = "<group>";
		};
		32428E9821BFB7BF005617F4 /* HuChatViewControllers */ = {
			isa = PBXGroup;
			children = (
				32428E7D21BE529E005617F4 /* HuChatListViewController.h */,
				32428E7E21BE529E005617F4 /* HuChatListViewController.m */,
				32428E8021BE535B005617F4 /* HuSingleChatViewController.h */,
				32428E8121BE535B005617F4 /* HuSingleChatViewController.m */,
			);
			path = HuChatViewControllers;
			sourceTree = "<group>";
		};
/* End PBXGroup section */

/* Begin PBXNativeTarget section */
		32428E4721BE522F005617F4 /* WGChat */ = {
			isa = PBXNativeTarget;
			buildConfigurationList = 32428E7421BE5231005617F4 /* Build configuration list for PBXNativeTarget "WGChat" */;
			buildPhases = (
				32428E4421BE522F005617F4 /* Sources */,
				32428E4521BE522F005617F4 /* Frameworks */,
				32428E4621BE522F005617F4 /* Resources */,
			);
			buildRules = (
			);
			dependencies = (
			);
			name = WGChat;
			productName = WGChat;
			productReference = 32428E4821BE522F005617F4 /* WGChat.app */;
			productType = "com.apple.product-type.application";
		};
		32428E5F21BE5231005617F4 /* WGChatTests */ = {
			isa = PBXNativeTarget;
			buildConfigurationList = 32428E7721BE5231005617F4 /* Build configuration list for PBXNativeTarget "WGChatTests" */;
			buildPhases = (
				32428E5C21BE5231005617F4 /* Sources */,
				32428E5D21BE5231005617F4 /* Frameworks */,
				32428E5E21BE5231005617F4 /* Resources */,
			);
			buildRules = (
			);
			dependencies = (
				32428E6221BE5231005617F4 /* PBXTargetDependency */,
			);
			name = WGChatTests;
			productName = WGChatTests;
			productReference = 32428E6021BE5231005617F4 /* WGChatTests.xctest */;
			productType = "com.apple.product-type.bundle.unit-test";
		};
		32428E6A21BE5231005617F4 /* WGChatUITests */ = {
			isa = PBXNativeTarget;
			buildConfigurationList = 32428E7A21BE5231005617F4 /* Build configuration list for PBXNativeTarget "WGChatUITests" */;
			buildPhases = (
				32428E6721BE5231005617F4 /* Sources */,
				32428E6821BE5231005617F4 /* Frameworks */,
				32428E6921BE5231005617F4 /* Resources */,
			);
			buildRules = (
			);
			dependencies = (
				32428E6D21BE5231005617F4 /* PBXTargetDependency */,
			);
			name = WGChatUITests;
			productName = WGChatUITests;
			productReference = 32428E6B21BE5231005617F4 /* WGChatUITests.xctest */;
			productType = "com.apple.product-type.bundle.ui-testing";
		};
/* End PBXNativeTarget section */

/* Begin PBXProject section */
		32428E4021BE522F005617F4 /* Project object */ = {
			isa = PBXProject;
			attributes = {
				CLASSPREFIX = Hu;
				LastUpgradeCheck = 1000;
				ORGANIZATIONNAME = WG;
				TargetAttributes = {
					32428E4721BE522F005617F4 = {
						CreatedOnToolsVersion = 10.0;
					};
					32428E5F21BE5231005617F4 = {
						CreatedOnToolsVersion = 10.0;
						TestTargetID = 32428E4721BE522F005617F4;
					};
					32428E6A21BE5231005617F4 = {
						CreatedOnToolsVersion = 10.0;
						TestTargetID = 32428E4721BE522F005617F4;
					};
				};
			};
			buildConfigurationList = 32428E4321BE522F005617F4 /* Build configuration list for PBXProject "WGChat" */;
			compatibilityVersion = "Xcode 9.3";
			developmentRegion = en;
			hasScannedForEncodings = 0;
			knownRegions = (
				en,
				Base,
			);
			mainGroup = 32428E3F21BE522F005617F4;
			productRefGroup = 32428E4921BE522F005617F4 /* Products */;
			projectDirPath = "";
			projectRoot = "";
			targets = (
				32428E4721BE522F005617F4 /* WGChat */,
				32428E5F21BE5231005617F4 /* WGChatTests */,
				32428E6A21BE5231005617F4 /* WGChatUITests */,
			);
		};
/* End PBXProject section */

/* Begin PBXResourcesBuildPhase section */
		32428E4621BE522F005617F4 /* Resources */ = {
			isa = PBXResourcesBuildPhase;
			buildActionMask = 2147483647;
			files = (
				32428E5821BE5231005617F4 /* LaunchScreen.storyboard in Resources */,
				32428E5521BE5231005617F4 /* Assets.xcassets in Resources */,
			);
			runOnlyForDeploymentPostprocessing = 0;
		};
		32428E5E21BE5231005617F4 /* Resources */ = {
			isa = PBXResourcesBuildPhase;
			buildActionMask = 2147483647;
			files = (
			);
			runOnlyForDeploymentPostprocessing = 0;
		};
		32428E6921BE5231005617F4 /* Resources */ = {
			isa = PBXResourcesBuildPhase;
			buildActionMask = 2147483647;
			files = (
			);
			runOnlyForDeploymentPostprocessing = 0;
		};
/* End PBXResourcesBuildPhase section */

/* Begin PBXSourcesBuildPhase section */
		32428E4421BE522F005617F4 /* Sources */ = {
			isa = PBXSourcesBuildPhase;
			buildActionMask = 2147483647;
			files = (
				32428E8621BF516F005617F4 /* HuKeyBoardGroundView.m in Sources */,
				32428EC821C24361005617F4 /* HuAddPhotoHelp.m in Sources */,
				32428EA521BFBF12005617F4 /* NSObject+SSAdd.m in Sources */,
				32428E5B21BE5231005617F4 /* main.m in Sources */,
				32428EC521C1FFC0005617F4 /* HuDealChatMessageHelp.m in Sources */,
				32428E8E21BF6385005617F4 /* HuDeviceDefault.m in Sources */,
				32428EB321C1FA1C005617F4 /* HuTextChatTableViewCell.m in Sources */,
				32428EA721BFBF12005617F4 /* NSTimer+SSAdd.m in Sources */,
				32428E8221BE535B005617F4 /* HuSingleChatViewController.m in Sources */,
				32428E9121BF66C1005617F4 /* UIView+SSAdd.m in Sources */,
				32428E9E21BFBABF005617F4 /* HuChatMessageConfig.m in Sources */,
				32428E8921BF58FA005617F4 /* HuKeyBoardStatus.m in Sources */,
				32428E7F21BE529E005617F4 /* HuChatListViewController.m in Sources */,
				32428EBC21C1FC61005617F4 /* HuVoiceChatTableViewCell.m in Sources */,
				32428EAA21C1F0B1005617F4 /* HuChatMessageLayout.m in Sources */,
				32428EC221C1FD72005617F4 /* UUAVAudioPlayer.m in Sources */,
				32428EA621BFBF12005617F4 /* UIImage+SSAdd.m in Sources */,
				32428E4D21BE522F005617F4 /* AppDelegate.m in Sources */,
				32428EB621C1FB2D005617F4 /* HuImageChatTableViewCell.m in Sources */,
				32428EB921C1FC23005617F4 /* HuVedioChatTableViewCell.m in Sources */,
				32428E9B21BFB8EE005617F4 /* HuChatMessageModel.m in Sources */,
				32428E9421BF8C94005617F4 /* UUProgressHUD.m in Sources */,
				32428EAD21C1F81D005617F4 /* HuBaseChatTableViewCell.m in Sources */,
			);
			runOnlyForDeploymentPostprocessing = 0;
		};
		32428E5C21BE5231005617F4 /* Sources */ = {
			isa = PBXSourcesBuildPhase;
			buildActionMask = 2147483647;
			files = (
				32428E6521BE5231005617F4 /* WGChatTests.m in Sources */,
			);
			runOnlyForDeploymentPostprocessing = 0;
		};
		32428E6721BE5231005617F4 /* Sources */ = {
			isa = PBXSourcesBuildPhase;
			buildActionMask = 2147483647;
			files = (
				32428E7021BE5231005617F4 /* WGChatUITests.m in Sources */,
			);
			runOnlyForDeploymentPostprocessing = 0;
		};
/* End PBXSourcesBuildPhase section */

/* Begin PBXTargetDependency section */
		32428E6221BE5231005617F4 /* PBXTargetDependency */ = {
			isa = PBXTargetDependency;
			target = 32428E4721BE522F005617F4 /* WGChat */;
			targetProxy = 32428E6121BE5231005617F4 /* PBXContainerItemProxy */;
		};
		32428E6D21BE5231005617F4 /* PBXTargetDependency */ = {
			isa = PBXTargetDependency;
			target = 32428E4721BE522F005617F4 /* WGChat */;
			targetProxy = 32428E6C21BE5231005617F4 /* PBXContainerItemProxy */;
		};
/* End PBXTargetDependency section */

/* Begin PBXVariantGroup section */
		32428E5621BE5231005617F4 /* LaunchScreen.storyboard */ = {
			isa = PBXVariantGroup;
			children = (
				32428E5721BE5231005617F4 /* Base */,
			);
			name = LaunchScreen.storyboard;
			sourceTree = "<group>";
		};
/* End PBXVariantGroup section */

/* Begin XCBuildConfiguration section */
		32428E7221BE5231005617F4 /* Debug */ = {
			isa = XCBuildConfiguration;
			buildSettings = {
				ALWAYS_SEARCH_USER_PATHS = NO;
				CLANG_ANALYZER_NONNULL = YES;
				CLANG_ANALYZER_NUMBER_OBJECT_CONVERSION = YES_AGGRESSIVE;
				CLANG_CXX_LANGUAGE_STANDARD = "gnu++14";
				CLANG_CXX_LIBRARY = "libc++";
				CLANG_ENABLE_MODULES = YES;
				CLANG_ENABLE_OBJC_ARC = YES;
				CLANG_ENABLE_OBJC_WEAK = YES;
				CLANG_WARN_BLOCK_CAPTURE_AUTORELEASING = YES;
				CLANG_WARN_BOOL_CONVERSION = YES;
				CLANG_WARN_COMMA = YES;
				CLANG_WARN_CONSTANT_CONVERSION = YES;
				CLANG_WARN_DEPRECATED_OBJC_IMPLEMENTATIONS = YES;
				CLANG_WARN_DIRECT_OBJC_ISA_USAGE = YES_ERROR;
				CLANG_WARN_DOCUMENTATION_COMMENTS = YES;
				CLANG_WARN_EMPTY_BODY = YES;
				CLANG_WARN_ENUM_CONVERSION = YES;
				CLANG_WARN_INFINITE_RECURSION = YES;
				CLANG_WARN_INT_CONVERSION = YES;
				CLANG_WARN_NON_LITERAL_NULL_CONVERSION = YES;
				CLANG_WARN_OBJC_IMPLICIT_RETAIN_SELF = YES;
				CLANG_WARN_OBJC_LITERAL_CONVERSION = YES;
				CLANG_WARN_OBJC_ROOT_CLASS = YES_ERROR;
				CLANG_WARN_RANGE_LOOP_ANALYSIS = YES;
				CLANG_WARN_STRICT_PROTOTYPES = YES;
				CLANG_WARN_SUSPICIOUS_MOVE = YES;
				CLANG_WARN_UNGUARDED_AVAILABILITY = YES_AGGRESSIVE;
				CLANG_WARN_UNREACHABLE_CODE = YES;
				CLANG_WARN__DUPLICATE_METHOD_MATCH = YES;
				CODE_SIGN_IDENTITY = "iPhone Developer";
				COPY_PHASE_STRIP = NO;
				DEBUG_INFORMATION_FORMAT = dwarf;
				ENABLE_STRICT_OBJC_MSGSEND = YES;
				ENABLE_TESTABILITY = YES;
				GCC_C_LANGUAGE_STANDARD = gnu11;
				GCC_DYNAMIC_NO_PIC = NO;
				GCC_NO_COMMON_BLOCKS = YES;
				GCC_OPTIMIZATION_LEVEL = 0;
				GCC_PREPROCESSOR_DEFINITIONS = (
					"DEBUG=1",
					"$(inherited)",
				);
				GCC_WARN_64_TO_32_BIT_CONVERSION = YES;
				GCC_WARN_ABOUT_RETURN_TYPE = YES_ERROR;
				GCC_WARN_UNDECLARED_SELECTOR = YES;
				GCC_WARN_UNINITIALIZED_AUTOS = YES_AGGRESSIVE;
				GCC_WARN_UNUSED_FUNCTION = YES;
				GCC_WARN_UNUSED_VARIABLE = YES;
				IPHONEOS_DEPLOYMENT_TARGET = 12.0;
				MTL_ENABLE_DEBUG_INFO = INCLUDE_SOURCE;
				MTL_FAST_MATH = YES;
				ONLY_ACTIVE_ARCH = YES;
				SDKROOT = iphoneos;
			};
			name = Debug;
		};
		32428E7321BE5231005617F4 /* Release */ = {
			isa = XCBuildConfiguration;
			buildSettings = {
				ALWAYS_SEARCH_USER_PATHS = NO;
				CLANG_ANALYZER_NONNULL = YES;
				CLANG_ANALYZER_NUMBER_OBJECT_CONVERSION = YES_AGGRESSIVE;
				CLANG_CXX_LANGUAGE_STANDARD = "gnu++14";
				CLANG_CXX_LIBRARY = "libc++";
				CLANG_ENABLE_MODULES = YES;
				CLANG_ENABLE_OBJC_ARC = YES;
				CLANG_ENABLE_OBJC_WEAK = YES;
				CLANG_WARN_BLOCK_CAPTURE_AUTORELEASING = YES;
				CLANG_WARN_BOOL_CONVERSION = YES;
				CLANG_WARN_COMMA = YES;
				CLANG_WARN_CONSTANT_CONVERSION = YES;
				CLANG_WARN_DEPRECATED_OBJC_IMPLEMENTATIONS = YES;
				CLANG_WARN_DIRECT_OBJC_ISA_USAGE = YES_ERROR;
				CLANG_WARN_DOCUMENTATION_COMMENTS = YES;
				CLANG_WARN_EMPTY_BODY = YES;
				CLANG_WARN_ENUM_CONVERSION = YES;
				CLANG_WARN_INFINITE_RECURSION = YES;
				CLANG_WARN_INT_CONVERSION = YES;
				CLANG_WARN_NON_LITERAL_NULL_CONVERSION = YES;
				CLANG_WARN_OBJC_IMPLICIT_RETAIN_SELF = YES;
				CLANG_WARN_OBJC_LITERAL_CONVERSION = YES;
				CLANG_WARN_OBJC_ROOT_CLASS = YES_ERROR;
				CLANG_WARN_RANGE_LOOP_ANALYSIS = YES;
				CLANG_WARN_STRICT_PROTOTYPES = YES;
				CLANG_WARN_SUSPICIOUS_MOVE = YES;
				CLANG_WARN_UNGUARDED_AVAILABILITY = YES_AGGRESSIVE;
				CLANG_WARN_UNREACHABLE_CODE = YES;
				CLANG_WARN__DUPLICATE_METHOD_MATCH = YES;
				CODE_SIGN_IDENTITY = "iPhone Developer";
				COPY_PHASE_STRIP = NO;
				DEBUG_INFORMATION_FORMAT = "dwarf-with-dsym";
				ENABLE_NS_ASSERTIONS = NO;
				ENABLE_STRICT_OBJC_MSGSEND = YES;
				GCC_C_LANGUAGE_STANDARD = gnu11;
				GCC_NO_COMMON_BLOCKS = YES;
				GCC_WARN_64_TO_32_BIT_CONVERSION = YES;
				GCC_WARN_ABOUT_RETURN_TYPE = YES_ERROR;
				GCC_WARN_UNDECLARED_SELECTOR = YES;
				GCC_WARN_UNINITIALIZED_AUTOS = YES_AGGRESSIVE;
				GCC_WARN_UNUSED_FUNCTION = YES;
				GCC_WARN_UNUSED_VARIABLE = YES;
				IPHONEOS_DEPLOYMENT_TARGET = 12.0;
				MTL_ENABLE_DEBUG_INFO = NO;
				MTL_FAST_MATH = YES;
				SDKROOT = iphoneos;
				VALIDATE_PRODUCT = YES;
			};
			name = Release;
		};
		32428E7521BE5231005617F4 /* Debug */ = {
			isa = XCBuildConfiguration;
			buildSettings = {
				ASSETCATALOG_COMPILER_APPICON_NAME = AppIcon;
				CODE_SIGN_STYLE = Automatic;
				DEVELOPMENT_TEAM = 49T87S5RLN;
				INFOPLIST_FILE = WGChat/Info.plist;
				IPHONEOS_DEPLOYMENT_TARGET = 10.3;
				LD_RUNPATH_SEARCH_PATHS = (
					"$(inherited)",
					"@executable_path/Frameworks",
				);
				PRODUCT_BUNDLE_IDENTIFIER = com.bozhong.WGChat;
				PRODUCT_NAME = "$(TARGET_NAME)";
				TARGETED_DEVICE_FAMILY = "1,2";
			};
			name = Debug;
		};
		32428E7621BE5231005617F4 /* Release */ = {
			isa = XCBuildConfiguration;
			buildSettings = {
				ASSETCATALOG_COMPILER_APPICON_NAME = AppIcon;
				CODE_SIGN_STYLE = Automatic;
				DEVELOPMENT_TEAM = 49T87S5RLN;
				INFOPLIST_FILE = WGChat/Info.plist;
				IPHONEOS_DEPLOYMENT_TARGET = 10.3;
				LD_RUNPATH_SEARCH_PATHS = (
					"$(inherited)",
					"@executable_path/Frameworks",
				);
				PRODUCT_BUNDLE_IDENTIFIER = com.bozhong.WGChat;
				PRODUCT_NAME = "$(TARGET_NAME)";
				TARGETED_DEVICE_FAMILY = "1,2";
			};
			name = Release;
		};
		32428E7821BE5231005617F4 /* Debug */ = {
			isa = XCBuildConfiguration;
			buildSettings = {
				BUNDLE_LOADER = "$(TEST_HOST)";
				CODE_SIGN_STYLE = Automatic;
				DEVELOPMENT_TEAM = 49T87S5RLN;
				INFOPLIST_FILE = WGChatTests/Info.plist;
				LD_RUNPATH_SEARCH_PATHS = (
					"$(inherited)",
					"@executable_path/Frameworks",
					"@loader_path/Frameworks",
				);
				PRODUCT_BUNDLE_IDENTIFIER = com.bozhong.WGChatTests;
				PRODUCT_NAME = "$(TARGET_NAME)";
				TARGETED_DEVICE_FAMILY = "1,2";
				TEST_HOST = "$(BUILT_PRODUCTS_DIR)/WGChat.app/WGChat";
			};
			name = Debug;
		};
		32428E7921BE5231005617F4 /* Release */ = {
			isa = XCBuildConfiguration;
			buildSettings = {
				BUNDLE_LOADER = "$(TEST_HOST)";
				CODE_SIGN_STYLE = Automatic;
				DEVELOPMENT_TEAM = 49T87S5RLN;
				INFOPLIST_FILE = WGChatTests/Info.plist;
				LD_RUNPATH_SEARCH_PATHS = (
					"$(inherited)",
					"@executable_path/Frameworks",
					"@loader_path/Frameworks",
				);
				PRODUCT_BUNDLE_IDENTIFIER = com.bozhong.WGChatTests;
				PRODUCT_NAME = "$(TARGET_NAME)";
				TARGETED_DEVICE_FAMILY = "1,2";
				TEST_HOST = "$(BUILT_PRODUCTS_DIR)/WGChat.app/WGChat";
			};
			name = Release;
		};
		32428E7B21BE5231005617F4 /* Debug */ = {
			isa = XCBuildConfiguration;
			buildSettings = {
				CODE_SIGN_STYLE = Automatic;
				DEVELOPMENT_TEAM = 49T87S5RLN;
				INFOPLIST_FILE = WGChatUITests/Info.plist;
				LD_RUNPATH_SEARCH_PATHS = (
					"$(inherited)",
					"@executable_path/Frameworks",
					"@loader_path/Frameworks",
				);
				PRODUCT_BUNDLE_IDENTIFIER = com.bozhong.WGChatUITests;
				PRODUCT_NAME = "$(TARGET_NAME)";
				TARGETED_DEVICE_FAMILY = "1,2";
				TEST_TARGET_NAME = WGChat;
			};
			name = Debug;
		};
		32428E7C21BE5231005617F4 /* Release */ = {
			isa = XCBuildConfiguration;
			buildSettings = {
				CODE_SIGN_STYLE = Automatic;
				DEVELOPMENT_TEAM = 49T87S5RLN;
				INFOPLIST_FILE = WGChatUITests/Info.plist;
				LD_RUNPATH_SEARCH_PATHS = (
					"$(inherited)",
					"@executable_path/Frameworks",
					"@loader_path/Frameworks",
				);
				PRODUCT_BUNDLE_IDENTIFIER = com.bozhong.WGChatUITests;
				PRODUCT_NAME = "$(TARGET_NAME)";
				TARGETED_DEVICE_FAMILY = "1,2";
				TEST_TARGET_NAME = WGChat;
			};
			name = Release;
		};
/* End XCBuildConfiguration section */

/* Begin XCConfigurationList section */
		32428E4321BE522F005617F4 /* Build configuration list for PBXProject "WGChat" */ = {
			isa = XCConfigurationList;
			buildConfigurations = (
				32428E7221BE5231005617F4 /* Debug */,
				32428E7321BE5231005617F4 /* Release */,
			);
			defaultConfigurationIsVisible = 0;
			defaultConfigurationName = Release;
		};
		32428E7421BE5231005617F4 /* Build configuration list for PBXNativeTarget "WGChat" */ = {
			isa = XCConfigurationList;
			buildConfigurations = (
				32428E7521BE5231005617F4 /* Debug */,
				32428E7621BE5231005617F4 /* Release */,
			);
			defaultConfigurationIsVisible = 0;
			defaultConfigurationName = Release;
		};
		32428E7721BE5231005617F4 /* Build configuration list for PBXNativeTarget "WGChatTests" */ = {
			isa = XCConfigurationList;
			buildConfigurations = (
				32428E7821BE5231005617F4 /* Debug */,
				32428E7921BE5231005617F4 /* Release */,
			);
			defaultConfigurationIsVisible = 0;
			defaultConfigurationName = Release;
		};
		32428E7A21BE5231005617F4 /* Build configuration list for PBXNativeTarget "WGChatUITests" */ = {
			isa = XCConfigurationList;
			buildConfigurations = (
				32428E7B21BE5231005617F4 /* Debug */,
				32428E7C21BE5231005617F4 /* Release */,
			);
			defaultConfigurationIsVisible = 0;
			defaultConfigurationName = Release;
		};
/* End XCConfigurationList section */
	};
	rootObject = 32428E4021BE522F005617F4 /* Project object */;
}
